
Microsoft Visual Studio Solution File, Format Version 11.00
# Visual Studio 2010
Project("{FAE04EC0-301F-11D3-BF4B-00C04F79EFBC}") = "Geometry-Deformation", "Assembly-CSharp.csproj", "{9EA6EC1D-499E-7BCF-1319-123FFD6A3261}"
EndProject
Global
	GlobalSection(SolutionConfigurationPlatforms) = preSolution
		Debug|Any CPU = Debug|Any CPU
		Release|Any CPU = Release|Any CPU
	EndGlobalSection
	GlobalSection(ProjectConfigurationPlatforms) = postSolution
		{9EA6EC1D-499E-7BCF-1319-123FFD6A3261}.Debug|Any CPU.ActiveCfg = Debug|Any CPU
		{9EA6EC1D-499E-7BCF-1319-123FFD6A3261}.Debug|Any CPU.Build.0 = Debug|Any CPU
		{9EA6EC1D-499E-7BCF-1319-123FFD6A3261}.Release|Any CPU.ActiveCfg = Release|Any CPU
		{9EA6EC1D-499E-7BCF-1319-123FFD6A3261}.Release|Any CPU.Build.0 = Release|Any CPU
	EndGlobalSection
	GlobalSection(SolutionProperties) = preSolution
		HideSolutionNode = FALSE
	EndGlobalSection
	GlobalSection(MonoDevelopProperties) = preSolution
		StartupItem = Assembly-CSharp.csproj
	EndGlobalSection
EndGlobal
